
Microsoft Visual Studio Solution File, Format Version 12.00
# Visual Studio Version 16
VisualStudioVersion = 16.0.31105.61
MinimumVisualStudioVersion = 10.0.40219.1
Project("{FAE04EC0-301F-11D3-BF4B-00C04F79EFBC}") = "Fb2CleanerApp", "Fb2CleanerApp.csproj", "{FDA4FDD7-75DA-4797-AC77-82768893C05B}"
EndProject
Global
	GlobalSection(SolutionConfigurationPlatforms) = preSolution
		Debug|Any CPU = Debug|Any CPU
		Release|Any CPU = Release|Any CPU
	EndGlobalSection
	GlobalSection(ProjectConfigurationPlatforms) = postSolution
		{FDA4FDD7-75DA-4797-AC77-82768893C05B}.Debug|Any CPU.ActiveCfg = Debug|Any CPU
		{FDA4FDD7-75DA-4797-AC77-82768893C05B}.Debug|Any CPU.Build.0 = Debug|Any CPU
		{FDA4FDD7-75DA-4797-AC77-82768893C05B}.Release|Any CPU.ActiveCfg = Release|Any CPU
		{FDA4FDD7-75DA-4797-AC77-82768893C05B}.Release|Any CPU.Build.0 = Release|Any CPU
	EndGlobalSection
	GlobalSection(SolutionProperties) = preSolution
		HideSolutionNode = FALSE
	EndGlobalSection
	GlobalSection(ExtensibilityGlobals) = postSolution
		SolutionGuid = {61E21F12-8F74-4FCE-8CC9-9A507418AB3B}
	EndGlobalSection
EndGlobal
